
Microsoft Visual Studio Solution File, Format Version 12.00
Project("{FAE04EC0-301F-11D3-BF4B-00C04F79EFBC}") = "GC", "GC\GC\GC.csproj", "{313990F7-FD9C-4E05-A91B-0713E0BF14B7}"
EndProject
Project("{FAE04EC0-301F-11D3-BF4B-00C04F79EFBC}") = "GC.Android", "GC\GC.Android\GC.Android.csproj", "{0CDD530D-5945-48FE-8A40-97B3DE301537}"
EndProject
Project("{FAE04EC0-301F-11D3-BF4B-00C04F79EFBC}") = "GC.Desktop", "GC\GC.Desktop\GC.Desktop.csproj", "{60706A25-B959-437A-AC5E-8D23FE7F2425}"
EndProject
Project("{FAE04EC0-301F-11D3-BF4B-00C04F79EFBC}") = "GC.iOS", "GC\GC.iOS\GC.iOS.csproj", "{436905D6-BA1C-42A6-8424-B4645F0D6063}"
EndProject
Project("{FAE04EC0-301F-11D3-BF4B-00C04F79EFBC}") = "GC.Browser", "GC\GC.Browser\GC.Browser.csproj", "{2094BE4D-CCDD-4CEE-8BDD-913EB71DCFF8}"
EndProject
Global
	GlobalSection(SolutionConfigurationPlatforms) = preSolution
		Debug|Any CPU = Debug|Any CPU
		Release|Any CPU = Release|Any CPU
	EndGlobalSection
	GlobalSection(ProjectConfigurationPlatforms) = postSolution
		{313990F7-FD9C-4E05-A91B-0713E0BF14B7}.Debug|Any CPU.ActiveCfg = Debug|Any CPU
		{313990F7-FD9C-4E05-A91B-0713E0BF14B7}.Debug|Any CPU.Build.0 = Debug|Any CPU
		{313990F7-FD9C-4E05-A91B-0713E0BF14B7}.Release|Any CPU.ActiveCfg = Release|Any CPU
		{313990F7-FD9C-4E05-A91B-0713E0BF14B7}.Release|Any CPU.Build.0 = Release|Any CPU
		{0CDD530D-5945-48FE-8A40-97B3DE301537}.Debug|Any CPU.ActiveCfg = Debug|Any CPU
		{0CDD530D-5945-48FE-8A40-97B3DE301537}.Debug|Any CPU.Build.0 = Debug|Any CPU
		{0CDD530D-5945-48FE-8A40-97B3DE301537}.Debug|Any CPU.Deploy.0 = Debug|Any CPU
		{0CDD530D-5945-48FE-8A40-97B3DE301537}.Release|Any CPU.ActiveCfg = Release|Any CPU
		{0CDD530D-5945-48FE-8A40-97B3DE301537}.Release|Any CPU.Build.0 = Release|Any CPU
		{0CDD530D-5945-48FE-8A40-97B3DE301537}.Release|Any CPU.Deploy.0 = Release|Any CPU
		{60706A25-B959-437A-AC5E-8D23FE7F2425}.Debug|Any CPU.ActiveCfg = Debug|Any CPU
		{60706A25-B959-437A-AC5E-8D23FE7F2425}.Debug|Any CPU.Build.0 = Debug|Any CPU
		{60706A25-B959-437A-AC5E-8D23FE7F2425}.Release|Any CPU.ActiveCfg = Release|Any CPU
		{60706A25-B959-437A-AC5E-8D23FE7F2425}.Release|Any CPU.Build.0 = Release|Any CPU
		{436905D6-BA1C-42A6-8424-B4645F0D6063}.Debug|Any CPU.ActiveCfg = Debug|Any CPU
		{436905D6-BA1C-42A6-8424-B4645F0D6063}.Debug|Any CPU.Build.0 = Debug|Any CPU
		{436905D6-BA1C-42A6-8424-B4645F0D6063}.Debug|Any CPU.Deploy.0 = Debug|Any CPU
		{436905D6-BA1C-42A6-8424-B4645F0D6063}.Release|Any CPU.ActiveCfg = Release|Any CPU
		{436905D6-BA1C-42A6-8424-B4645F0D6063}.Release|Any CPU.Build.0 = Release|Any CPU
		{436905D6-BA1C-42A6-8424-B4645F0D6063}.Release|Any CPU.Deploy.0 = Release|Any CPU
		{2094BE4D-CCDD-4CEE-8BDD-913EB71DCFF8}.Debug|Any CPU.ActiveCfg = Debug|Any CPU
		{2094BE4D-CCDD-4CEE-8BDD-913EB71DCFF8}.Debug|Any CPU.Build.0 = Debug|Any CPU
		{2094BE4D-CCDD-4CEE-8BDD-913EB71DCFF8}.Release|Any CPU.ActiveCfg = Release|Any CPU
		{2094BE4D-CCDD-4CEE-8BDD-913EB71DCFF8}.Release|Any CPU.Build.0 = Release|Any CPU
	EndGlobalSection
EndGlobal
